
Microsoft Visual Studio Solution File, Format Version 12.00
# Visual Studio Version 16
VisualStudioVersion = 16.0.30804.86
MinimumVisualStudioVersion = 10.0.40219.1
Project("{8BC9CEB8-8B4A-11D0-8D11-00A0C91BC942}") = "Bai1", "Bai1\Bai1.vcxproj", "{68945E6F-7682-4FA4-9191-6A8AF4111B4F}"
EndProject
Project("{8BC9CEB8-8B4A-11D0-8D11-00A0C91BC942}") = "Bai2", "Bai2\Bai2.vcxproj", "{7B285D27-AB61-40DC-BA3C-1BD2AB3BAF87}"
EndProject
Global
	GlobalSection(SolutionConfigurationPlatforms) = preSolution
		Debug|x64 = Debug|x64
		Debug|x86 = Debug|x86
		Release|x64 = Release|x64
		Release|x86 = Release|x86
	EndGlobalSection
	GlobalSection(ProjectConfigurationPlatforms) = postSolution
		{68945E6F-7682-4FA4-9191-6A8AF4111B4F}.Debug|x64.ActiveCfg = Debug|x64
		{68945E6F-7682-4FA4-9191-6A8AF4111B4F}.Debug|x64.Build.0 = Debug|x64
		{68945E6F-7682-4FA4-9191-6A8AF4111B4F}.Debug|x86.ActiveCfg = Debug|Win32
		{68945E6F-7682-4FA4-9191-6A8AF4111B4F}.Debug|x86.Build.0 = Debug|Win32
		{68945E6F-7682-4FA4-9191-6A8AF4111B4F}.Release|x64.ActiveCfg = Release|x64
		{68945E6F-7682-4FA4-9191-6A8AF4111B4F}.Release|x64.Build.0 = Release|x64
		{68945E6F-7682-4FA4-9191-6A8AF4111B4F}.Release|x86.ActiveCfg = Release|Win32
		{68945E6F-7682-4FA4-9191-6A8AF4111B4F}.Release|x86.Build.0 = Release|Win32
		{7B285D27-AB61-40DC-BA3C-1BD2AB3BAF87}.Debug|x64.ActiveCfg = Debug|x64
		{7B285D27-AB61-40DC-BA3C-1BD2AB3BAF87}.Debug|x64.Build.0 = Debug|x64
		{7B285D27-AB61-40DC-BA3C-1BD2AB3BAF87}.Debug|x86.ActiveCfg = Debug|Win32
		{7B285D27-AB61-40DC-BA3C-1BD2AB3BAF87}.Debug|x86.Build.0 = Debug|Win32
		{7B285D27-AB61-40DC-BA3C-1BD2AB3BAF87}.Release|x64.ActiveCfg = Release|x64
		{7B285D27-AB61-40DC-BA3C-1BD2AB3BAF87}.Release|x64.Build.0 = Release|x64
		{7B285D27-AB61-40DC-BA3C-1BD2AB3BAF87}.Release|x86.ActiveCfg = Release|Win32
		{7B285D27-AB61-40DC-BA3C-1BD2AB3BAF87}.Release|x86.Build.0 = Release|Win32
	EndGlobalSection
	GlobalSection(SolutionProperties) = preSolution
		HideSolutionNode = FALSE
	EndGlobalSection
	GlobalSection(ExtensibilityGlobals) = postSolution
		SolutionGuid = {C8CC53E9-DD73-46FD-BCD6-D11CBAE11CF8}
	EndGlobalSection
EndGlobal
