
Microsoft Visual Studio Solution File, Format Version 12.00
# Visual Studio Version 16
VisualStudioVersion = 16.0.31515.178
MinimumVisualStudioVersion = 10.0.40219.1
Project("{8BC9CEB8-8B4A-11D0-8D11-00A0C91BC942}") = "Bai3", "Bai3\Bai3.vcxproj", "{AFEB6124-074E-435D-8D7B-A81821A50E97}"
EndProject
Project("{8BC9CEB8-8B4A-11D0-8D11-00A0C91BC942}") = "Bai2", "Bai2\Bai2.vcxproj", "{79DE9145-4C7A-4492-BC93-7B37B7A82016}"
EndProject
Project("{8BC9CEB8-8B4A-11D0-8D11-00A0C91BC942}") = "Bai4", "Bai4\Bai4.vcxproj", "{58DB29DE-6328-4715-B401-9FED771786AD}"
EndProject
Global
	GlobalSection(SolutionConfigurationPlatforms) = preSolution
		Debug|x64 = Debug|x64
		Debug|x86 = Debug|x86
		Release|x64 = Release|x64
		Release|x86 = Release|x86
	EndGlobalSection
	GlobalSection(ProjectConfigurationPlatforms) = postSolution
		{AFEB6124-074E-435D-8D7B-A81821A50E97}.Debug|x64.ActiveCfg = Debug|x64
		{AFEB6124-074E-435D-8D7B-A81821A50E97}.Debug|x64.Build.0 = Debug|x64
		{AFEB6124-074E-435D-8D7B-A81821A50E97}.Debug|x86.ActiveCfg = Debug|Win32
		{AFEB6124-074E-435D-8D7B-A81821A50E97}.Debug|x86.Build.0 = Debug|Win32
		{AFEB6124-074E-435D-8D7B-A81821A50E97}.Release|x64.ActiveCfg = Release|x64
		{AFEB6124-074E-435D-8D7B-A81821A50E97}.Release|x64.Build.0 = Release|x64
		{AFEB6124-074E-435D-8D7B-A81821A50E97}.Release|x86.ActiveCfg = Release|Win32
		{AFEB6124-074E-435D-8D7B-A81821A50E97}.Release|x86.Build.0 = Release|Win32
		{79DE9145-4C7A-4492-BC93-7B37B7A82016}.Debug|x64.ActiveCfg = Debug|x64
		{79DE9145-4C7A-4492-BC93-7B37B7A82016}.Debug|x64.Build.0 = Debug|x64
		{79DE9145-4C7A-4492-BC93-7B37B7A82016}.Debug|x86.ActiveCfg = Debug|Win32
		{79DE9145-4C7A-4492-BC93-7B37B7A82016}.Debug|x86.Build.0 = Debug|Win32
		{79DE9145-4C7A-4492-BC93-7B37B7A82016}.Release|x64.ActiveCfg = Release|x64
		{79DE9145-4C7A-4492-BC93-7B37B7A82016}.Release|x64.Build.0 = Release|x64
		{79DE9145-4C7A-4492-BC93-7B37B7A82016}.Release|x86.ActiveCfg = Release|Win32
		{79DE9145-4C7A-4492-BC93-7B37B7A82016}.Release|x86.Build.0 = Release|Win32
		{58DB29DE-6328-4715-B401-9FED771786AD}.Debug|x64.ActiveCfg = Debug|x64
		{58DB29DE-6328-4715-B401-9FED771786AD}.Debug|x64.Build.0 = Debug|x64
		{58DB29DE-6328-4715-B401-9FED771786AD}.Debug|x86.ActiveCfg = Debug|Win32
		{58DB29DE-6328-4715-B401-9FED771786AD}.Debug|x86.Build.0 = Debug|Win32
		{58DB29DE-6328-4715-B401-9FED771786AD}.Release|x64.ActiveCfg = Release|x64
		{58DB29DE-6328-4715-B401-9FED771786AD}.Release|x64.Build.0 = Release|x64
		{58DB29DE-6328-4715-B401-9FED771786AD}.Release|x86.ActiveCfg = Release|Win32
		{58DB29DE-6328-4715-B401-9FED771786AD}.Release|x86.Build.0 = Release|Win32
	EndGlobalSection
	GlobalSection(SolutionProperties) = preSolution
		HideSolutionNode = FALSE
	EndGlobalSection
	GlobalSection(ExtensibilityGlobals) = postSolution
		SolutionGuid = {9BE0F774-1E02-4B32-9D93-77196A075869}
	EndGlobalSection
EndGlobal
